
Microsoft Visual Studio Solution File, Format Version 12.00
Project("{FAE04EC0-301F-11D3-BF4B-00C04F79EFBC}") = "WebApp", "WebApp\WebApp.csproj", "{42755F4B-4B4B-4B7E-A4CC-A8D76C6E8609}"
EndProject
Project("{FAE04EC0-301F-11D3-BF4B-00C04F79EFBC}") = "App.DAL.EF", "App.DAL.EF\App.DAL.EF.csproj", "{D055D3B5-255C-4B55-99AD-1EBDEF193B42}"
EndProject
Project("{FAE04EC0-301F-11D3-BF4B-00C04F79EFBC}") = "App.Domain", "App.Domain\App.Domain.csproj", "{C5EE7060-8BC9-4899-A38E-B1027914FE8D}"
EndProject
Project("{2150E333-8FDC-42A3-9474-1A3956D46DE8}") = "App", "App", "{F6F5D6C7-A04F-4FA6-A29F-605DF7D28D9B}"
EndProject
Project("{2150E333-8FDC-42A3-9474-1A3956D46DE8}") = "Base Contracts", "Base Contracts", "{724232EE-4AB7-492E-A01F-6F15A6CCF06A}"
EndProject
Project("{FAE04EC0-301F-11D3-BF4B-00C04F79EFBC}") = "Base.Contracts.Domain", "Base.Contracts.Domain\Base.Contracts.Domain.csproj", "{5DB78E72-25BC-483B-AC6A-E4FD1E958D58}"
EndProject
Project("{2150E333-8FDC-42A3-9474-1A3956D46DE8}") = "Base", "Base", "{A020224E-88AF-44AD-ADA1-42A838592208}"
EndProject
Project("{FAE04EC0-301F-11D3-BF4B-00C04F79EFBC}") = "Base.Domain", "Base.Domain\Base.Domain.csproj", "{2058E437-F414-40B1-B65A-A8817A1F62A2}"
EndProject
Project("{2150E333-8FDC-42A3-9474-1A3956D46DE8}") = "solution items", "solution items", "{B309D248-287E-411D-A3F2-F4E369774440}"
	ProjectSection(SolutionItems) = preProject
		..\..\.gitignore = ..\..\.gitignore
		..\..\docker-compose-sql.yml = ..\..\docker-compose-sql.yml
		..\..\README.md = ..\..\README.md
	EndProjectSection
EndProject
Project("{FAE04EC0-301F-11D3-BF4B-00C04F79EFBC}") = "Base.Resources", "Base.Resources\Base.Resources.csproj", "{CED2F58D-49D4-4A57-81C7-E40B2E12CD86}"
EndProject
Project("{FAE04EC0-301F-11D3-BF4B-00C04F79EFBC}") = "App.Resources", "App.Resources\App.Resources.csproj", "{A762051B-1B35-42A6-9DB2-5ED1588CB3B9}"
EndProject
Project("{FAE04EC0-301F-11D3-BF4B-00C04F79EFBC}") = "WebApp.Helpers", "WebApp.Helpers\WebApp.Helpers.csproj", "{D12EF7BE-9DC6-44BC-B90E-6F009D3E2E9B}"
EndProject
Project("{FAE04EC0-301F-11D3-BF4B-00C04F79EFBC}") = "Base.Contracts.DAL", "Base.Contracts.DAL\Base.Contracts.DAL.csproj", "{C293472E-6BDA-409C-B5BD-4356235034CB}"
EndProject
Project("{FAE04EC0-301F-11D3-BF4B-00C04F79EFBC}") = "Base.DAL.EF", "Base.DAL.EF\Base.DAL.EF.csproj", "{E0AC3A93-3556-4D50-B6C2-A87010E500BC}"
EndProject
Project("{FAE04EC0-301F-11D3-BF4B-00C04F79EFBC}") = "App.Contracts.DAL", "App.Contracts.DAL\App.Contracts.DAL.csproj", "{F159BFF5-0811-4918-9AC2-81DBF07F6F1E}"
EndProject
Project("{FAE04EC0-301F-11D3-BF4B-00C04F79EFBC}") = "Base.Extensions", "Base.Extensions\Base.Extensions.csproj", "{AE24EF71-0E78-479C-B3A4-12460456EF78}"
EndProject
Project("{FAE04EC0-301F-11D3-BF4B-00C04F79EFBC}") = "App.DTO", "App.DTO\App.DTO.csproj", "{B7849996-04FC-4D38-8CDB-2E5B023B1A90}"
EndProject
Project("{FAE04EC0-301F-11D3-BF4B-00C04F79EFBC}") = "Base.Contracts", "Base.Contracts\Base.Contracts.csproj", "{2DAF1080-9B54-4860-8B64-AFD44383CB46}"
EndProject
Project("{FAE04EC0-301F-11D3-BF4B-00C04F79EFBC}") = "Base.DAL", "Base.DAL\Base.DAL.csproj", "{10BB6D42-A255-4C8E-BD22-670DF99DEC88}"
EndProject
Global
	GlobalSection(SolutionConfigurationPlatforms) = preSolution
		Debug|Any CPU = Debug|Any CPU
		Release|Any CPU = Release|Any CPU
	EndGlobalSection
	GlobalSection(ProjectConfigurationPlatforms) = postSolution
		{42755F4B-4B4B-4B7E-A4CC-A8D76C6E8609}.Debug|Any CPU.ActiveCfg = Debug|Any CPU
		{42755F4B-4B4B-4B7E-A4CC-A8D76C6E8609}.Debug|Any CPU.Build.0 = Debug|Any CPU
		{42755F4B-4B4B-4B7E-A4CC-A8D76C6E8609}.Release|Any CPU.ActiveCfg = Release|Any CPU
		{42755F4B-4B4B-4B7E-A4CC-A8D76C6E8609}.Release|Any CPU.Build.0 = Release|Any CPU
		{D055D3B5-255C-4B55-99AD-1EBDEF193B42}.Debug|Any CPU.ActiveCfg = Debug|Any CPU
		{D055D3B5-255C-4B55-99AD-1EBDEF193B42}.Debug|Any CPU.Build.0 = Debug|Any CPU
		{D055D3B5-255C-4B55-99AD-1EBDEF193B42}.Release|Any CPU.ActiveCfg = Release|Any CPU
		{D055D3B5-255C-4B55-99AD-1EBDEF193B42}.Release|Any CPU.Build.0 = Release|Any CPU
		{C5EE7060-8BC9-4899-A38E-B1027914FE8D}.Debug|Any CPU.ActiveCfg = Debug|Any CPU
		{C5EE7060-8BC9-4899-A38E-B1027914FE8D}.Debug|Any CPU.Build.0 = Debug|Any CPU
		{C5EE7060-8BC9-4899-A38E-B1027914FE8D}.Release|Any CPU.ActiveCfg = Release|Any CPU
		{C5EE7060-8BC9-4899-A38E-B1027914FE8D}.Release|Any CPU.Build.0 = Release|Any CPU
		{5DB78E72-25BC-483B-AC6A-E4FD1E958D58}.Debug|Any CPU.ActiveCfg = Debug|Any CPU
		{5DB78E72-25BC-483B-AC6A-E4FD1E958D58}.Debug|Any CPU.Build.0 = Debug|Any CPU
		{5DB78E72-25BC-483B-AC6A-E4FD1E958D58}.Release|Any CPU.ActiveCfg = Release|Any CPU
		{5DB78E72-25BC-483B-AC6A-E4FD1E958D58}.Release|Any CPU.Build.0 = Release|Any CPU
		{2058E437-F414-40B1-B65A-A8817A1F62A2}.Debug|Any CPU.ActiveCfg = Debug|Any CPU
		{2058E437-F414-40B1-B65A-A8817A1F62A2}.Debug|Any CPU.Build.0 = Debug|Any CPU
		{2058E437-F414-40B1-B65A-A8817A1F62A2}.Release|Any CPU.ActiveCfg = Release|Any CPU
		{2058E437-F414-40B1-B65A-A8817A1F62A2}.Release|Any CPU.Build.0 = Release|Any CPU
		{CED2F58D-49D4-4A57-81C7-E40B2E12CD86}.Debug|Any CPU.ActiveCfg = Debug|Any CPU
		{CED2F58D-49D4-4A57-81C7-E40B2E12CD86}.Debug|Any CPU.Build.0 = Debug|Any CPU
		{CED2F58D-49D4-4A57-81C7-E40B2E12CD86}.Release|Any CPU.ActiveCfg = Release|Any CPU
		{CED2F58D-49D4-4A57-81C7-E40B2E12CD86}.Release|Any CPU.Build.0 = Release|Any CPU
		{A762051B-1B35-42A6-9DB2-5ED1588CB3B9}.Debug|Any CPU.ActiveCfg = Debug|Any CPU
		{A762051B-1B35-42A6-9DB2-5ED1588CB3B9}.Debug|Any CPU.Build.0 = Debug|Any CPU
		{A762051B-1B35-42A6-9DB2-5ED1588CB3B9}.Release|Any CPU.ActiveCfg = Release|Any CPU
		{A762051B-1B35-42A6-9DB2-5ED1588CB3B9}.Release|Any CPU.Build.0 = Release|Any CPU
		{D12EF7BE-9DC6-44BC-B90E-6F009D3E2E9B}.Debug|Any CPU.ActiveCfg = Debug|Any CPU
		{D12EF7BE-9DC6-44BC-B90E-6F009D3E2E9B}.Debug|Any CPU.Build.0 = Debug|Any CPU
		{D12EF7BE-9DC6-44BC-B90E-6F009D3E2E9B}.Release|Any CPU.ActiveCfg = Release|Any CPU
		{D12EF7BE-9DC6-44BC-B90E-6F009D3E2E9B}.Release|Any CPU.Build.0 = Release|Any CPU
		{C293472E-6BDA-409C-B5BD-4356235034CB}.Debug|Any CPU.ActiveCfg = Debug|Any CPU
		{C293472E-6BDA-409C-B5BD-4356235034CB}.Debug|Any CPU.Build.0 = Debug|Any CPU
		{C293472E-6BDA-409C-B5BD-4356235034CB}.Release|Any CPU.ActiveCfg = Release|Any CPU
		{C293472E-6BDA-409C-B5BD-4356235034CB}.Release|Any CPU.Build.0 = Release|Any CPU
		{E0AC3A93-3556-4D50-B6C2-A87010E500BC}.Debug|Any CPU.ActiveCfg = Debug|Any CPU
		{E0AC3A93-3556-4D50-B6C2-A87010E500BC}.Debug|Any CPU.Build.0 = Debug|Any CPU
		{E0AC3A93-3556-4D50-B6C2-A87010E500BC}.Release|Any CPU.ActiveCfg = Release|Any CPU
		{E0AC3A93-3556-4D50-B6C2-A87010E500BC}.Release|Any CPU.Build.0 = Release|Any CPU
		{F159BFF5-0811-4918-9AC2-81DBF07F6F1E}.Debug|Any CPU.ActiveCfg = Debug|Any CPU
		{F159BFF5-0811-4918-9AC2-81DBF07F6F1E}.Debug|Any CPU.Build.0 = Debug|Any CPU
		{F159BFF5-0811-4918-9AC2-81DBF07F6F1E}.Release|Any CPU.ActiveCfg = Release|Any CPU
		{F159BFF5-0811-4918-9AC2-81DBF07F6F1E}.Release|Any CPU.Build.0 = Release|Any CPU
		{AE24EF71-0E78-479C-B3A4-12460456EF78}.Debug|Any CPU.ActiveCfg = Debug|Any CPU
		{AE24EF71-0E78-479C-B3A4-12460456EF78}.Debug|Any CPU.Build.0 = Debug|Any CPU
		{AE24EF71-0E78-479C-B3A4-12460456EF78}.Release|Any CPU.ActiveCfg = Release|Any CPU
		{AE24EF71-0E78-479C-B3A4-12460456EF78}.Release|Any CPU.Build.0 = Release|Any CPU
		{B7849996-04FC-4D38-8CDB-2E5B023B1A90}.Debug|Any CPU.ActiveCfg = Debug|Any CPU
		{B7849996-04FC-4D38-8CDB-2E5B023B1A90}.Debug|Any CPU.Build.0 = Debug|Any CPU
		{B7849996-04FC-4D38-8CDB-2E5B023B1A90}.Release|Any CPU.ActiveCfg = Release|Any CPU
		{B7849996-04FC-4D38-8CDB-2E5B023B1A90}.Release|Any CPU.Build.0 = Release|Any CPU
		{2DAF1080-9B54-4860-8B64-AFD44383CB46}.Debug|Any CPU.ActiveCfg = Debug|Any CPU
		{2DAF1080-9B54-4860-8B64-AFD44383CB46}.Debug|Any CPU.Build.0 = Debug|Any CPU
		{2DAF1080-9B54-4860-8B64-AFD44383CB46}.Release|Any CPU.ActiveCfg = Release|Any CPU
		{2DAF1080-9B54-4860-8B64-AFD44383CB46}.Release|Any CPU.Build.0 = Release|Any CPU
		{10BB6D42-A255-4C8E-BD22-670DF99DEC88}.Debug|Any CPU.ActiveCfg = Debug|Any CPU
		{10BB6D42-A255-4C8E-BD22-670DF99DEC88}.Debug|Any CPU.Build.0 = Debug|Any CPU
		{10BB6D42-A255-4C8E-BD22-670DF99DEC88}.Release|Any CPU.ActiveCfg = Release|Any CPU
		{10BB6D42-A255-4C8E-BD22-670DF99DEC88}.Release|Any CPU.Build.0 = Release|Any CPU
	EndGlobalSection
	GlobalSection(NestedProjects) = preSolution
		{D055D3B5-255C-4B55-99AD-1EBDEF193B42} = {F6F5D6C7-A04F-4FA6-A29F-605DF7D28D9B}
		{C5EE7060-8BC9-4899-A38E-B1027914FE8D} = {F6F5D6C7-A04F-4FA6-A29F-605DF7D28D9B}
		{42755F4B-4B4B-4B7E-A4CC-A8D76C6E8609} = {F6F5D6C7-A04F-4FA6-A29F-605DF7D28D9B}
		{5DB78E72-25BC-483B-AC6A-E4FD1E958D58} = {724232EE-4AB7-492E-A01F-6F15A6CCF06A}
		{2058E437-F414-40B1-B65A-A8817A1F62A2} = {A020224E-88AF-44AD-ADA1-42A838592208}
		{CED2F58D-49D4-4A57-81C7-E40B2E12CD86} = {A020224E-88AF-44AD-ADA1-42A838592208}
		{A762051B-1B35-42A6-9DB2-5ED1588CB3B9} = {F6F5D6C7-A04F-4FA6-A29F-605DF7D28D9B}
		{D12EF7BE-9DC6-44BC-B90E-6F009D3E2E9B} = {A020224E-88AF-44AD-ADA1-42A838592208}
		{C293472E-6BDA-409C-B5BD-4356235034CB} = {724232EE-4AB7-492E-A01F-6F15A6CCF06A}
		{E0AC3A93-3556-4D50-B6C2-A87010E500BC} = {A020224E-88AF-44AD-ADA1-42A838592208}
		{F159BFF5-0811-4918-9AC2-81DBF07F6F1E} = {F6F5D6C7-A04F-4FA6-A29F-605DF7D28D9B}
		{AE24EF71-0E78-479C-B3A4-12460456EF78} = {A020224E-88AF-44AD-ADA1-42A838592208}
		{B7849996-04FC-4D38-8CDB-2E5B023B1A90} = {F6F5D6C7-A04F-4FA6-A29F-605DF7D28D9B}
		{2DAF1080-9B54-4860-8B64-AFD44383CB46} = {724232EE-4AB7-492E-A01F-6F15A6CCF06A}
		{10BB6D42-A255-4C8E-BD22-670DF99DEC88} = {A020224E-88AF-44AD-ADA1-42A838592208}
	EndGlobalSection
EndGlobal
