
Microsoft Visual Studio Solution File, Format Version 12.00
# Visual Studio Version 17
VisualStudioVersion = 17.8.34309.116
MinimumVisualStudioVersion = 10.0.40219.1
Project("{9A19103F-16F7-4668-BE54-9A1E7A4F7556}") = "Webapp", "Webapp\Webapp.csproj", "{0F531668-A707-41F5-A077-58532887D199}"
EndProject
Project("{2150E333-8FDC-42A3-9474-1A3956D46DE8}") = "App", "App", "{D805D95E-52A6-4CDB-B8EC-1A405E7ADD5A}"
EndProject
Project("{2150E333-8FDC-42A3-9474-1A3956D46DE8}") = "Base", "Base", "{54DE9B6A-B825-4490-9B6D-A9A9BDF5273B}"
EndProject
Project("{9A19103F-16F7-4668-BE54-9A1E7A4F7556}") = "ITaxi.Enum", "App.Enum\ITaxi.Enum.csproj", "{64B3A4FF-D859-4B39-A75A-BD517A0B84C5}"
EndProject
Project("{9A19103F-16F7-4668-BE54-9A1E7A4F7556}") = "ITaxi.Resources", "App.Resources\ITaxi.Resources.csproj", "{F320862C-8E69-4DC2-9308-D69977A5DECA}"
EndProject
Project("{9A19103F-16F7-4668-BE54-9A1E7A4F7556}") = "Base.Contracts.Domain", "Base.Contracts.Domain\Base.Contracts.Domain.csproj", "{0111D8BA-A242-4D83-9029-4634185A6726}"
EndProject
Project("{9A19103F-16F7-4668-BE54-9A1E7A4F7556}") = "Base.Domain", "Base.Domain\Base.Domain.csproj", "{D3ACB484-8F38-45D9-B956-D96D14F2B80C}"
EndProject
Project("{9A19103F-16F7-4668-BE54-9A1E7A4F7556}") = "Base.Resources", "Base.Resources\Base.Resources.csproj", "{4E5A9DA5-C7E3-4B54-A6BE-79658C9DBBF8}"
EndProject
Project("{9A19103F-16F7-4668-BE54-9A1E7A4F7556}") = "Public.App.DTO", "Public.App.DTO\Public.App.DTO.csproj", "{030359DA-9BCA-4DA3-8C3A-D383B1F91EAA}"
EndProject
Project("{9A19103F-16F7-4668-BE54-9A1E7A4F7556}") = "ITaxi.Service", "App.Service\ITaxi.Service.csproj", "{1B292019-4AF2-441D-9CEE-067C9D29B6D4}"
EndProject
Project("{9A19103F-16F7-4668-BE54-9A1E7A4F7556}") = "Base.Service", "Base.Service\Base.Service.csproj", "{D67DF9E4-4EB0-45A9-920A-A781137ACA13}"
EndProject
Project("{9A19103F-16F7-4668-BE54-9A1E7A4F7556}") = "Base.Service.Contracts", "Base.Service.Contracts\Base.Service.Contracts.csproj", "{1986D5C9-5558-4659-8310-4A70C471C27D}"
EndProject
Global
	GlobalSection(SolutionConfigurationPlatforms) = preSolution
		Debug|Any CPU = Debug|Any CPU
		Release|Any CPU = Release|Any CPU
	EndGlobalSection
	GlobalSection(ProjectConfigurationPlatforms) = postSolution
		{0F531668-A707-41F5-A077-58532887D199}.Debug|Any CPU.ActiveCfg = Debug|Any CPU
		{0F531668-A707-41F5-A077-58532887D199}.Debug|Any CPU.Build.0 = Debug|Any CPU
		{0F531668-A707-41F5-A077-58532887D199}.Release|Any CPU.ActiveCfg = Release|Any CPU
		{0F531668-A707-41F5-A077-58532887D199}.Release|Any CPU.Build.0 = Release|Any CPU
		{64B3A4FF-D859-4B39-A75A-BD517A0B84C5}.Debug|Any CPU.ActiveCfg = Debug|Any CPU
		{64B3A4FF-D859-4B39-A75A-BD517A0B84C5}.Debug|Any CPU.Build.0 = Debug|Any CPU
		{64B3A4FF-D859-4B39-A75A-BD517A0B84C5}.Release|Any CPU.ActiveCfg = Release|Any CPU
		{64B3A4FF-D859-4B39-A75A-BD517A0B84C5}.Release|Any CPU.Build.0 = Release|Any CPU
		{F320862C-8E69-4DC2-9308-D69977A5DECA}.Debug|Any CPU.ActiveCfg = Debug|Any CPU
		{F320862C-8E69-4DC2-9308-D69977A5DECA}.Debug|Any CPU.Build.0 = Debug|Any CPU
		{F320862C-8E69-4DC2-9308-D69977A5DECA}.Release|Any CPU.ActiveCfg = Release|Any CPU
		{F320862C-8E69-4DC2-9308-D69977A5DECA}.Release|Any CPU.Build.0 = Release|Any CPU
		{0111D8BA-A242-4D83-9029-4634185A6726}.Debug|Any CPU.ActiveCfg = Debug|Any CPU
		{0111D8BA-A242-4D83-9029-4634185A6726}.Debug|Any CPU.Build.0 = Debug|Any CPU
		{0111D8BA-A242-4D83-9029-4634185A6726}.Release|Any CPU.ActiveCfg = Release|Any CPU
		{0111D8BA-A242-4D83-9029-4634185A6726}.Release|Any CPU.Build.0 = Release|Any CPU
		{D3ACB484-8F38-45D9-B956-D96D14F2B80C}.Debug|Any CPU.ActiveCfg = Debug|Any CPU
		{D3ACB484-8F38-45D9-B956-D96D14F2B80C}.Debug|Any CPU.Build.0 = Debug|Any CPU
		{D3ACB484-8F38-45D9-B956-D96D14F2B80C}.Release|Any CPU.ActiveCfg = Release|Any CPU
		{D3ACB484-8F38-45D9-B956-D96D14F2B80C}.Release|Any CPU.Build.0 = Release|Any CPU
		{4E5A9DA5-C7E3-4B54-A6BE-79658C9DBBF8}.Debug|Any CPU.ActiveCfg = Debug|Any CPU
		{4E5A9DA5-C7E3-4B54-A6BE-79658C9DBBF8}.Debug|Any CPU.Build.0 = Debug|Any CPU
		{4E5A9DA5-C7E3-4B54-A6BE-79658C9DBBF8}.Release|Any CPU.ActiveCfg = Release|Any CPU
		{4E5A9DA5-C7E3-4B54-A6BE-79658C9DBBF8}.Release|Any CPU.Build.0 = Release|Any CPU
		{030359DA-9BCA-4DA3-8C3A-D383B1F91EAA}.Debug|Any CPU.ActiveCfg = Debug|Any CPU
		{030359DA-9BCA-4DA3-8C3A-D383B1F91EAA}.Debug|Any CPU.Build.0 = Debug|Any CPU
		{030359DA-9BCA-4DA3-8C3A-D383B1F91EAA}.Release|Any CPU.ActiveCfg = Release|Any CPU
		{030359DA-9BCA-4DA3-8C3A-D383B1F91EAA}.Release|Any CPU.Build.0 = Release|Any CPU
		{1B292019-4AF2-441D-9CEE-067C9D29B6D4}.Debug|Any CPU.ActiveCfg = Debug|Any CPU
		{1B292019-4AF2-441D-9CEE-067C9D29B6D4}.Debug|Any CPU.Build.0 = Debug|Any CPU
		{1B292019-4AF2-441D-9CEE-067C9D29B6D4}.Release|Any CPU.ActiveCfg = Release|Any CPU
		{1B292019-4AF2-441D-9CEE-067C9D29B6D4}.Release|Any CPU.Build.0 = Release|Any CPU
		{D67DF9E4-4EB0-45A9-920A-A781137ACA13}.Debug|Any CPU.ActiveCfg = Debug|Any CPU
		{D67DF9E4-4EB0-45A9-920A-A781137ACA13}.Debug|Any CPU.Build.0 = Debug|Any CPU
		{D67DF9E4-4EB0-45A9-920A-A781137ACA13}.Release|Any CPU.ActiveCfg = Release|Any CPU
		{D67DF9E4-4EB0-45A9-920A-A781137ACA13}.Release|Any CPU.Build.0 = Release|Any CPU
		{1986D5C9-5558-4659-8310-4A70C471C27D}.Debug|Any CPU.ActiveCfg = Debug|Any CPU
		{1986D5C9-5558-4659-8310-4A70C471C27D}.Debug|Any CPU.Build.0 = Debug|Any CPU
		{1986D5C9-5558-4659-8310-4A70C471C27D}.Release|Any CPU.ActiveCfg = Release|Any CPU
		{1986D5C9-5558-4659-8310-4A70C471C27D}.Release|Any CPU.Build.0 = Release|Any CPU
	EndGlobalSection
	GlobalSection(SolutionProperties) = preSolution
		HideSolutionNode = FALSE
	EndGlobalSection
	GlobalSection(NestedProjects) = preSolution
		{0F531668-A707-41F5-A077-58532887D199} = {D805D95E-52A6-4CDB-B8EC-1A405E7ADD5A}
		{64B3A4FF-D859-4B39-A75A-BD517A0B84C5} = {D805D95E-52A6-4CDB-B8EC-1A405E7ADD5A}
		{F320862C-8E69-4DC2-9308-D69977A5DECA} = {D805D95E-52A6-4CDB-B8EC-1A405E7ADD5A}
		{0111D8BA-A242-4D83-9029-4634185A6726} = {54DE9B6A-B825-4490-9B6D-A9A9BDF5273B}
		{D3ACB484-8F38-45D9-B956-D96D14F2B80C} = {54DE9B6A-B825-4490-9B6D-A9A9BDF5273B}
		{4E5A9DA5-C7E3-4B54-A6BE-79658C9DBBF8} = {54DE9B6A-B825-4490-9B6D-A9A9BDF5273B}
		{030359DA-9BCA-4DA3-8C3A-D383B1F91EAA} = {D805D95E-52A6-4CDB-B8EC-1A405E7ADD5A}
		{1B292019-4AF2-441D-9CEE-067C9D29B6D4} = {D805D95E-52A6-4CDB-B8EC-1A405E7ADD5A}
		{D67DF9E4-4EB0-45A9-920A-A781137ACA13} = {54DE9B6A-B825-4490-9B6D-A9A9BDF5273B}
		{1986D5C9-5558-4659-8310-4A70C471C27D} = {54DE9B6A-B825-4490-9B6D-A9A9BDF5273B}
	EndGlobalSection
	GlobalSection(ExtensibilityGlobals) = postSolution
		SolutionGuid = {DB072317-538D-4E86-BA79-5788AB2E0286}
	EndGlobalSection
EndGlobal
